
Microsoft Visual Studio Solution File, Format Version 12.00
# Visual Studio Version 17
VisualStudioVersion = 17.5.33530.505
MinimumVisualStudioVersion = 10.0.40219.1
Project("{2150E333-8FDC-42A3-9474-1A3956D46DE8}") = "Src", "Src", "{7399A154-92FF-4085-8353-700D7FB6C774}"
EndProject
Project("{2150E333-8FDC-42A3-9474-1A3956D46DE8}") = "Test", "Test", "{9C8791DB-C5E3-490C-84F4-E896FE1DEB95}"
EndProject
Project("{2150E333-8FDC-42A3-9474-1A3956D46DE8}") = "Doc", "Doc", "{9216EA90-52AC-491D-9C18-2931B0D17034}"
EndProject
Project("{2150E333-8FDC-42A3-9474-1A3956D46DE8}") = "Core", "Core", "{4B6278ED-D3A0-49EA-A969-271440F8D9D0}"
EndProject
Project("{2150E333-8FDC-42A3-9474-1A3956D46DE8}") = "Common", "Common", "{2604962C-9285-4286-971C-363989AD5749}"
EndProject
Project("{2150E333-8FDC-42A3-9474-1A3956D46DE8}") = "Infra", "Infra", "{7197D8D6-BC14-4CD4-8017-BECA9F680836}"
EndProject
Project("{2150E333-8FDC-42A3-9474-1A3956D46DE8}") = "Presentation", "Presentation", "{E7996F4C-A395-440E-827E-CA5162133335}"
EndProject
Project("{FAE04EC0-301F-11D3-BF4B-00C04F79EFBC}") = "Changal.Domain", "Changal.Domain\Changal.Domain.csproj", "{9F947479-6702-4B6D-B70B-AC4BAE033B5F}"
EndProject
Project("{FAE04EC0-301F-11D3-BF4B-00C04F79EFBC}") = "Changal.Application", "Changal.Application\Changal.Application.csproj", "{35E4460A-5F69-47E2-8E2C-33B7C5FF2400}"
EndProject
Project("{FAE04EC0-301F-11D3-BF4B-00C04F79EFBC}") = "Changal.Infra", "Changal.Infra\Changal.Infra.csproj", "{1EA7DDCF-D559-4961-A08E-CF1F9A550B17}"
EndProject
Project("{FAE04EC0-301F-11D3-BF4B-00C04F79EFBC}") = "Changal.Persistence", "Changal.Persistence\Changal.Persistence.csproj", "{93A4CC9F-63E0-435E-90CE-778B34111236}"
EndProject
Project("{FAE04EC0-301F-11D3-BF4B-00C04F79EFBC}") = "Changal.Common", "Changal.Common\Changal.Common.csproj", "{FE4D8882-A6D7-42C5-A26B-99E7F40144E1}"
EndProject
Project("{FAE04EC0-301F-11D3-BF4B-00C04F79EFBC}") = "Endpoint.Web", "Endpoint.Web\Endpoint.Web.csproj", "{1B2C3D33-4CE8-4189-926C-F4F102B69A46}"
EndProject
Project("{FAE04EC0-301F-11D3-BF4B-00C04F79EFBC}") = "Endpoint.Win", "Endpoint.Win\Endpoint.Win.csproj", "{9C2028A5-A516-40A5-B495-1D605EED8434}"
EndProject
Global
	GlobalSection(SolutionConfigurationPlatforms) = preSolution
		Debug|Any CPU = Debug|Any CPU
		Release|Any CPU = Release|Any CPU
	EndGlobalSection
	GlobalSection(ProjectConfigurationPlatforms) = postSolution
		{9F947479-6702-4B6D-B70B-AC4BAE033B5F}.Debug|Any CPU.ActiveCfg = Debug|Any CPU
		{9F947479-6702-4B6D-B70B-AC4BAE033B5F}.Debug|Any CPU.Build.0 = Debug|Any CPU
		{9F947479-6702-4B6D-B70B-AC4BAE033B5F}.Release|Any CPU.ActiveCfg = Release|Any CPU
		{9F947479-6702-4B6D-B70B-AC4BAE033B5F}.Release|Any CPU.Build.0 = Release|Any CPU
		{35E4460A-5F69-47E2-8E2C-33B7C5FF2400}.Debug|Any CPU.ActiveCfg = Debug|Any CPU
		{35E4460A-5F69-47E2-8E2C-33B7C5FF2400}.Debug|Any CPU.Build.0 = Debug|Any CPU
		{35E4460A-5F69-47E2-8E2C-33B7C5FF2400}.Release|Any CPU.ActiveCfg = Release|Any CPU
		{35E4460A-5F69-47E2-8E2C-33B7C5FF2400}.Release|Any CPU.Build.0 = Release|Any CPU
		{1EA7DDCF-D559-4961-A08E-CF1F9A550B17}.Debug|Any CPU.ActiveCfg = Debug|Any CPU
		{1EA7DDCF-D559-4961-A08E-CF1F9A550B17}.Debug|Any CPU.Build.0 = Debug|Any CPU
		{1EA7DDCF-D559-4961-A08E-CF1F9A550B17}.Release|Any CPU.ActiveCfg = Release|Any CPU
		{1EA7DDCF-D559-4961-A08E-CF1F9A550B17}.Release|Any CPU.Build.0 = Release|Any CPU
		{93A4CC9F-63E0-435E-90CE-778B34111236}.Debug|Any CPU.ActiveCfg = Debug|Any CPU
		{93A4CC9F-63E0-435E-90CE-778B34111236}.Debug|Any CPU.Build.0 = Debug|Any CPU
		{93A4CC9F-63E0-435E-90CE-778B34111236}.Release|Any CPU.ActiveCfg = Release|Any CPU
		{93A4CC9F-63E0-435E-90CE-778B34111236}.Release|Any CPU.Build.0 = Release|Any CPU
		{FE4D8882-A6D7-42C5-A26B-99E7F40144E1}.Debug|Any CPU.ActiveCfg = Debug|Any CPU
		{FE4D8882-A6D7-42C5-A26B-99E7F40144E1}.Debug|Any CPU.Build.0 = Debug|Any CPU
		{FE4D8882-A6D7-42C5-A26B-99E7F40144E1}.Release|Any CPU.ActiveCfg = Release|Any CPU
		{FE4D8882-A6D7-42C5-A26B-99E7F40144E1}.Release|Any CPU.Build.0 = Release|Any CPU
		{1B2C3D33-4CE8-4189-926C-F4F102B69A46}.Debug|Any CPU.ActiveCfg = Debug|Any CPU
		{1B2C3D33-4CE8-4189-926C-F4F102B69A46}.Debug|Any CPU.Build.0 = Debug|Any CPU
		{1B2C3D33-4CE8-4189-926C-F4F102B69A46}.Release|Any CPU.ActiveCfg = Release|Any CPU
		{1B2C3D33-4CE8-4189-926C-F4F102B69A46}.Release|Any CPU.Build.0 = Release|Any CPU
		{9C2028A5-A516-40A5-B495-1D605EED8434}.Debug|Any CPU.ActiveCfg = Debug|Any CPU
		{9C2028A5-A516-40A5-B495-1D605EED8434}.Debug|Any CPU.Build.0 = Debug|Any CPU
		{9C2028A5-A516-40A5-B495-1D605EED8434}.Release|Any CPU.ActiveCfg = Release|Any CPU
		{9C2028A5-A516-40A5-B495-1D605EED8434}.Release|Any CPU.Build.0 = Release|Any CPU
	EndGlobalSection
	GlobalSection(SolutionProperties) = preSolution
		HideSolutionNode = FALSE
	EndGlobalSection
	GlobalSection(NestedProjects) = preSolution
		{4B6278ED-D3A0-49EA-A969-271440F8D9D0} = {7399A154-92FF-4085-8353-700D7FB6C774}
		{2604962C-9285-4286-971C-363989AD5749} = {7399A154-92FF-4085-8353-700D7FB6C774}
		{7197D8D6-BC14-4CD4-8017-BECA9F680836} = {7399A154-92FF-4085-8353-700D7FB6C774}
		{E7996F4C-A395-440E-827E-CA5162133335} = {7399A154-92FF-4085-8353-700D7FB6C774}
		{9F947479-6702-4B6D-B70B-AC4BAE033B5F} = {4B6278ED-D3A0-49EA-A969-271440F8D9D0}
		{35E4460A-5F69-47E2-8E2C-33B7C5FF2400} = {4B6278ED-D3A0-49EA-A969-271440F8D9D0}
		{1EA7DDCF-D559-4961-A08E-CF1F9A550B17} = {7197D8D6-BC14-4CD4-8017-BECA9F680836}
		{93A4CC9F-63E0-435E-90CE-778B34111236} = {7197D8D6-BC14-4CD4-8017-BECA9F680836}
		{FE4D8882-A6D7-42C5-A26B-99E7F40144E1} = {2604962C-9285-4286-971C-363989AD5749}
		{1B2C3D33-4CE8-4189-926C-F4F102B69A46} = {E7996F4C-A395-440E-827E-CA5162133335}
		{9C2028A5-A516-40A5-B495-1D605EED8434} = {E7996F4C-A395-440E-827E-CA5162133335}
	EndGlobalSection
	GlobalSection(ExtensibilityGlobals) = postSolution
		SolutionGuid = {5B035C19-22E3-4ECF-9D2B-D4AB1CBB967F}
	EndGlobalSection
EndGlobal
